
Microsoft Visual Studio Solution File, Format Version 12.00
# Visual Studio Version 16
VisualStudioVersion = 16.0.30717.126
MinimumVisualStudioVersion = 15.0.26124.0
Project("{2150E333-8FDC-42A3-9474-1A3956D46DE8}") = "src", "src", "{44D678FB-6BB4-459C-95DD-B39AFE7AB84E}"
EndProject
Project("{9A19103F-16F7-4668-BE54-9A1E7A4F7556}") = "Api", "src\api\Api.csproj", "{41A30F5F-066B-4701-B743-3385D66539B2}"
EndProject
Project("{9A19103F-16F7-4668-BE54-9A1E7A4F7556}") = "Persistence", "Persistence\Persistence.csproj", "{74E58852-AF52-436E-8685-37AB29696635}"
EndProject
Project("{9A19103F-16F7-4668-BE54-9A1E7A4F7556}") = "Domain", "Domain\Domain.csproj", "{4B6CE963-66F4-4447-A88D-D3AEB60E56D2}"
EndProject
Project("{9A19103F-16F7-4668-BE54-9A1E7A4F7556}") = "EventBus", "EventBus\EventBus.csproj", "{2B2988BF-FB83-41B2-8113-03211BDBF9A5}"
EndProject
Project("{FAE04EC0-301F-11D3-BF4B-00C04F79EFBC}") = "Test", "Test\Test.csproj", "{41F46344-2151-42CE-847F-ABA68465BC17}"
EndProject
Global
	GlobalSection(SolutionConfigurationPlatforms) = preSolution
		Debug|Any CPU = Debug|Any CPU
		Debug|x64 = Debug|x64
		Debug|x86 = Debug|x86
		Release|Any CPU = Release|Any CPU
		Release|x64 = Release|x64
		Release|x86 = Release|x86
	EndGlobalSection
	GlobalSection(ProjectConfigurationPlatforms) = postSolution
		{41A30F5F-066B-4701-B743-3385D66539B2}.Debug|Any CPU.ActiveCfg = Debug|Any CPU
		{41A30F5F-066B-4701-B743-3385D66539B2}.Debug|Any CPU.Build.0 = Debug|Any CPU
		{41A30F5F-066B-4701-B743-3385D66539B2}.Debug|x64.ActiveCfg = Debug|Any CPU
		{41A30F5F-066B-4701-B743-3385D66539B2}.Debug|x64.Build.0 = Debug|Any CPU
		{41A30F5F-066B-4701-B743-3385D66539B2}.Debug|x86.ActiveCfg = Debug|Any CPU
		{41A30F5F-066B-4701-B743-3385D66539B2}.Debug|x86.Build.0 = Debug|Any CPU
		{41A30F5F-066B-4701-B743-3385D66539B2}.Release|Any CPU.ActiveCfg = Release|Any CPU
		{41A30F5F-066B-4701-B743-3385D66539B2}.Release|Any CPU.Build.0 = Release|Any CPU
		{41A30F5F-066B-4701-B743-3385D66539B2}.Release|x64.ActiveCfg = Release|Any CPU
		{41A30F5F-066B-4701-B743-3385D66539B2}.Release|x64.Build.0 = Release|Any CPU
		{41A30F5F-066B-4701-B743-3385D66539B2}.Release|x86.ActiveCfg = Release|Any CPU
		{41A30F5F-066B-4701-B743-3385D66539B2}.Release|x86.Build.0 = Release|Any CPU
		{74E58852-AF52-436E-8685-37AB29696635}.Debug|Any CPU.ActiveCfg = Debug|Any CPU
		{74E58852-AF52-436E-8685-37AB29696635}.Debug|Any CPU.Build.0 = Debug|Any CPU
		{74E58852-AF52-436E-8685-37AB29696635}.Debug|x64.ActiveCfg = Debug|Any CPU
		{74E58852-AF52-436E-8685-37AB29696635}.Debug|x64.Build.0 = Debug|Any CPU
		{74E58852-AF52-436E-8685-37AB29696635}.Debug|x86.ActiveCfg = Debug|Any CPU
		{74E58852-AF52-436E-8685-37AB29696635}.Debug|x86.Build.0 = Debug|Any CPU
		{74E58852-AF52-436E-8685-37AB29696635}.Release|Any CPU.ActiveCfg = Release|Any CPU
		{74E58852-AF52-436E-8685-37AB29696635}.Release|Any CPU.Build.0 = Release|Any CPU
		{74E58852-AF52-436E-8685-37AB29696635}.Release|x64.ActiveCfg = Release|Any CPU
		{74E58852-AF52-436E-8685-37AB29696635}.Release|x64.Build.0 = Release|Any CPU
		{74E58852-AF52-436E-8685-37AB29696635}.Release|x86.ActiveCfg = Release|Any CPU
		{74E58852-AF52-436E-8685-37AB29696635}.Release|x86.Build.0 = Release|Any CPU
		{4B6CE963-66F4-4447-A88D-D3AEB60E56D2}.Debug|Any CPU.ActiveCfg = Debug|Any CPU
		{4B6CE963-66F4-4447-A88D-D3AEB60E56D2}.Debug|Any CPU.Build.0 = Debug|Any CPU
		{4B6CE963-66F4-4447-A88D-D3AEB60E56D2}.Debug|x64.ActiveCfg = Debug|Any CPU
		{4B6CE963-66F4-4447-A88D-D3AEB60E56D2}.Debug|x64.Build.0 = Debug|Any CPU
		{4B6CE963-66F4-4447-A88D-D3AEB60E56D2}.Debug|x86.ActiveCfg = Debug|Any CPU
		{4B6CE963-66F4-4447-A88D-D3AEB60E56D2}.Debug|x86.Build.0 = Debug|Any CPU
		{4B6CE963-66F4-4447-A88D-D3AEB60E56D2}.Release|Any CPU.ActiveCfg = Release|Any CPU
		{4B6CE963-66F4-4447-A88D-D3AEB60E56D2}.Release|Any CPU.Build.0 = Release|Any CPU
		{4B6CE963-66F4-4447-A88D-D3AEB60E56D2}.Release|x64.ActiveCfg = Release|Any CPU
		{4B6CE963-66F4-4447-A88D-D3AEB60E56D2}.Release|x64.Build.0 = Release|Any CPU
		{4B6CE963-66F4-4447-A88D-D3AEB60E56D2}.Release|x86.ActiveCfg = Release|Any CPU
		{4B6CE963-66F4-4447-A88D-D3AEB60E56D2}.Release|x86.Build.0 = Release|Any CPU
		{2B2988BF-FB83-41B2-8113-03211BDBF9A5}.Debug|Any CPU.ActiveCfg = Debug|Any CPU
		{2B2988BF-FB83-41B2-8113-03211BDBF9A5}.Debug|Any CPU.Build.0 = Debug|Any CPU
		{2B2988BF-FB83-41B2-8113-03211BDBF9A5}.Debug|x64.ActiveCfg = Debug|Any CPU
		{2B2988BF-FB83-41B2-8113-03211BDBF9A5}.Debug|x64.Build.0 = Debug|Any CPU
		{2B2988BF-FB83-41B2-8113-03211BDBF9A5}.Debug|x86.ActiveCfg = Debug|Any CPU
		{2B2988BF-FB83-41B2-8113-03211BDBF9A5}.Debug|x86.Build.0 = Debug|Any CPU
		{2B2988BF-FB83-41B2-8113-03211BDBF9A5}.Release|Any CPU.ActiveCfg = Release|Any CPU
		{2B2988BF-FB83-41B2-8113-03211BDBF9A5}.Release|Any CPU.Build.0 = Release|Any CPU
		{2B2988BF-FB83-41B2-8113-03211BDBF9A5}.Release|x64.ActiveCfg = Release|Any CPU
		{2B2988BF-FB83-41B2-8113-03211BDBF9A5}.Release|x64.Build.0 = Release|Any CPU
		{2B2988BF-FB83-41B2-8113-03211BDBF9A5}.Release|x86.ActiveCfg = Release|Any CPU
		{2B2988BF-FB83-41B2-8113-03211BDBF9A5}.Release|x86.Build.0 = Release|Any CPU
		{41F46344-2151-42CE-847F-ABA68465BC17}.Debug|Any CPU.ActiveCfg = Debug|Any CPU
		{41F46344-2151-42CE-847F-ABA68465BC17}.Debug|Any CPU.Build.0 = Debug|Any CPU
		{41F46344-2151-42CE-847F-ABA68465BC17}.Debug|x64.ActiveCfg = Debug|Any CPU
		{41F46344-2151-42CE-847F-ABA68465BC17}.Debug|x64.Build.0 = Debug|Any CPU
		{41F46344-2151-42CE-847F-ABA68465BC17}.Debug|x86.ActiveCfg = Debug|Any CPU
		{41F46344-2151-42CE-847F-ABA68465BC17}.Debug|x86.Build.0 = Debug|Any CPU
		{41F46344-2151-42CE-847F-ABA68465BC17}.Release|Any CPU.ActiveCfg = Release|Any CPU
		{41F46344-2151-42CE-847F-ABA68465BC17}.Release|Any CPU.Build.0 = Release|Any CPU
		{41F46344-2151-42CE-847F-ABA68465BC17}.Release|x64.ActiveCfg = Release|Any CPU
		{41F46344-2151-42CE-847F-ABA68465BC17}.Release|x64.Build.0 = Release|Any CPU
		{41F46344-2151-42CE-847F-ABA68465BC17}.Release|x86.ActiveCfg = Release|Any CPU
		{41F46344-2151-42CE-847F-ABA68465BC17}.Release|x86.Build.0 = Release|Any CPU
	EndGlobalSection
	GlobalSection(SolutionProperties) = preSolution
		HideSolutionNode = FALSE
	EndGlobalSection
	GlobalSection(NestedProjects) = preSolution
		{41A30F5F-066B-4701-B743-3385D66539B2} = {44D678FB-6BB4-459C-95DD-B39AFE7AB84E}
		{74E58852-AF52-436E-8685-37AB29696635} = {44D678FB-6BB4-459C-95DD-B39AFE7AB84E}
		{4B6CE963-66F4-4447-A88D-D3AEB60E56D2} = {44D678FB-6BB4-459C-95DD-B39AFE7AB84E}
		{2B2988BF-FB83-41B2-8113-03211BDBF9A5} = {44D678FB-6BB4-459C-95DD-B39AFE7AB84E}
	EndGlobalSection
	GlobalSection(ExtensibilityGlobals) = postSolution
		SolutionGuid = {A2D2A916-5DDA-4AB6-A1E3-F699068B93D4}
	EndGlobalSection
EndGlobal
