
Microsoft Visual Studio Solution File, Format Version 12.00
# Visual Studio Version 16
VisualStudioVersion = 16.0.30717.126
MinimumVisualStudioVersion = 15.0.26124.0
Project("{2150E333-8FDC-42A3-9474-1A3956D46DE8}") = "src", "src", "{DA126623-96F8-4629-89B0-4020261A6C3D}"
EndProject
Project("{9A19103F-16F7-4668-BE54-9A1E7A4F7556}") = "CalculatorService", "src\service\CalculatorService.csproj", "{CCC8A811-BB5C-4D6E-AB05-E7EA26778750}"
EndProject
Project("{9A19103F-16F7-4668-BE54-9A1E7A4F7556}") = "EventBus", "EventBus\EventBus.csproj", "{8D3A5DA8-F226-474C-8096-A024C79A369F}"
EndProject
Project("{FAE04EC0-301F-11D3-BF4B-00C04F79EFBC}") = "MathematicalOperations", "MathematicalOperations\MathematicalOperations.csproj", "{E1E80435-A978-4A0E-8508-3B413790765A}"
EndProject
Global
	GlobalSection(SolutionConfigurationPlatforms) = preSolution
		Debug|Any CPU = Debug|Any CPU
		Debug|x64 = Debug|x64
		Debug|x86 = Debug|x86
		Release|Any CPU = Release|Any CPU
		Release|x64 = Release|x64
		Release|x86 = Release|x86
	EndGlobalSection
	GlobalSection(ProjectConfigurationPlatforms) = postSolution
		{CCC8A811-BB5C-4D6E-AB05-E7EA26778750}.Debug|Any CPU.ActiveCfg = Debug|Any CPU
		{CCC8A811-BB5C-4D6E-AB05-E7EA26778750}.Debug|Any CPU.Build.0 = Debug|Any CPU
		{CCC8A811-BB5C-4D6E-AB05-E7EA26778750}.Debug|x64.ActiveCfg = Debug|Any CPU
		{CCC8A811-BB5C-4D6E-AB05-E7EA26778750}.Debug|x64.Build.0 = Debug|Any CPU
		{CCC8A811-BB5C-4D6E-AB05-E7EA26778750}.Debug|x86.ActiveCfg = Debug|Any CPU
		{CCC8A811-BB5C-4D6E-AB05-E7EA26778750}.Debug|x86.Build.0 = Debug|Any CPU
		{CCC8A811-BB5C-4D6E-AB05-E7EA26778750}.Release|Any CPU.ActiveCfg = Release|Any CPU
		{CCC8A811-BB5C-4D6E-AB05-E7EA26778750}.Release|Any CPU.Build.0 = Release|Any CPU
		{CCC8A811-BB5C-4D6E-AB05-E7EA26778750}.Release|x64.ActiveCfg = Release|Any CPU
		{CCC8A811-BB5C-4D6E-AB05-E7EA26778750}.Release|x64.Build.0 = Release|Any CPU
		{CCC8A811-BB5C-4D6E-AB05-E7EA26778750}.Release|x86.ActiveCfg = Release|Any CPU
		{CCC8A811-BB5C-4D6E-AB05-E7EA26778750}.Release|x86.Build.0 = Release|Any CPU
		{8D3A5DA8-F226-474C-8096-A024C79A369F}.Debug|Any CPU.ActiveCfg = Debug|Any CPU
		{8D3A5DA8-F226-474C-8096-A024C79A369F}.Debug|Any CPU.Build.0 = Debug|Any CPU
		{8D3A5DA8-F226-474C-8096-A024C79A369F}.Debug|x64.ActiveCfg = Debug|Any CPU
		{8D3A5DA8-F226-474C-8096-A024C79A369F}.Debug|x64.Build.0 = Debug|Any CPU
		{8D3A5DA8-F226-474C-8096-A024C79A369F}.Debug|x86.ActiveCfg = Debug|Any CPU
		{8D3A5DA8-F226-474C-8096-A024C79A369F}.Debug|x86.Build.0 = Debug|Any CPU
		{8D3A5DA8-F226-474C-8096-A024C79A369F}.Release|Any CPU.ActiveCfg = Release|Any CPU
		{8D3A5DA8-F226-474C-8096-A024C79A369F}.Release|Any CPU.Build.0 = Release|Any CPU
		{8D3A5DA8-F226-474C-8096-A024C79A369F}.Release|x64.ActiveCfg = Release|Any CPU
		{8D3A5DA8-F226-474C-8096-A024C79A369F}.Release|x64.Build.0 = Release|Any CPU
		{8D3A5DA8-F226-474C-8096-A024C79A369F}.Release|x86.ActiveCfg = Release|Any CPU
		{8D3A5DA8-F226-474C-8096-A024C79A369F}.Release|x86.Build.0 = Release|Any CPU
		{E1E80435-A978-4A0E-8508-3B413790765A}.Debug|Any CPU.ActiveCfg = Debug|Any CPU
		{E1E80435-A978-4A0E-8508-3B413790765A}.Debug|Any CPU.Build.0 = Debug|Any CPU
		{E1E80435-A978-4A0E-8508-3B413790765A}.Debug|x64.ActiveCfg = Debug|Any CPU
		{E1E80435-A978-4A0E-8508-3B413790765A}.Debug|x64.Build.0 = Debug|Any CPU
		{E1E80435-A978-4A0E-8508-3B413790765A}.Debug|x86.ActiveCfg = Debug|Any CPU
		{E1E80435-A978-4A0E-8508-3B413790765A}.Debug|x86.Build.0 = Debug|Any CPU
		{E1E80435-A978-4A0E-8508-3B413790765A}.Release|Any CPU.ActiveCfg = Release|Any CPU
		{E1E80435-A978-4A0E-8508-3B413790765A}.Release|Any CPU.Build.0 = Release|Any CPU
		{E1E80435-A978-4A0E-8508-3B413790765A}.Release|x64.ActiveCfg = Release|Any CPU
		{E1E80435-A978-4A0E-8508-3B413790765A}.Release|x64.Build.0 = Release|Any CPU
		{E1E80435-A978-4A0E-8508-3B413790765A}.Release|x86.ActiveCfg = Release|Any CPU
		{E1E80435-A978-4A0E-8508-3B413790765A}.Release|x86.Build.0 = Release|Any CPU
	EndGlobalSection
	GlobalSection(SolutionProperties) = preSolution
		HideSolutionNode = FALSE
	EndGlobalSection
	GlobalSection(NestedProjects) = preSolution
		{CCC8A811-BB5C-4D6E-AB05-E7EA26778750} = {DA126623-96F8-4629-89B0-4020261A6C3D}
	EndGlobalSection
	GlobalSection(ExtensibilityGlobals) = postSolution
		SolutionGuid = {4E618CE8-FBFF-4DB7-A504-C048CEDFCD30}
	EndGlobalSection
EndGlobal
